
Microsoft Visual Studio Solution File, Format Version 12.00
# Visual Studio 15
VisualStudioVersion = 15.0.27703.2042
MinimumVisualStudioVersion = 10.0.40219.1
Project("{FAE04EC0-301F-11D3-BF4B-00C04F79EFBC}") = "ConvertTheString", "ConvertTheString\ConvertTheString.csproj", "{53009653-22F1-4DEA-BD35-BD0FC22D6C3C}"
EndProject
Global
	GlobalSection(SolutionConfigurationPlatforms) = preSolution
		Debug|Any CPU = Debug|Any CPU
		Release|Any CPU = Release|Any CPU
	EndGlobalSection
	GlobalSection(ProjectConfigurationPlatforms) = postSolution
		{53009653-22F1-4DEA-BD35-BD0FC22D6C3C}.Debug|Any CPU.ActiveCfg = Debug|Any CPU
		{53009653-22F1-4DEA-BD35-BD0FC22D6C3C}.Debug|Any CPU.Build.0 = Debug|Any CPU
		{53009653-22F1-4DEA-BD35-BD0FC22D6C3C}.Release|Any CPU.ActiveCfg = Release|Any CPU
		{53009653-22F1-4DEA-BD35-BD0FC22D6C3C}.Release|Any CPU.Build.0 = Release|Any CPU
	EndGlobalSection
	GlobalSection(SolutionProperties) = preSolution
		HideSolutionNode = FALSE
	EndGlobalSection
	GlobalSection(ExtensibilityGlobals) = postSolution
		SolutionGuid = {7B900202-2057-4429-AFBB-05BAA5B41DA3}
	EndGlobalSection
EndGlobal
